// !$*UTF8*$!
{
	archiveVersion = 1;
	classes = {
	};
	objectVersion = 56;
	objects = {

/* Begin PBXBuildFile section */
		9E29DD392CE4C2F000E6062D /* AppDelegate.swift in Sources */ = {isa = PBXBuildFile; fileRef = 9E29DD382CE4C2F000E6062D /* AppDelegate.swift */; };
		9E29DD3B2CE4C2F000E6062D /* SceneDelegate.swift in Sources */ = {isa = PBXBuildFile; fileRef = 9E29DD3A2CE4C2F000E6062D /* SceneDelegate.swift */; };
		9E29DD422CE4C2F100E6062D /* Assets.xcassets in Resources */ = {isa = PBXBuildFile; fileRef = 9E29DD412CE4C2F100E6062D /* Assets.xcassets */; };
		9E29DD452CE4C2F100E6062D /* Base in Resources */ = {isa = PBXBuildFile; fileRef = 9E29DD442CE4C2F100E6062D /* Base */; };
		9E6CBAE52CE4C64000FA58FC /* NetworkManager.swift in Sources */ = {isa = PBXBuildFile; fileRef = 9E6CBAE42CE4C64000FA58FC /* NetworkManager.swift */; };
		9E9395352CE4DEAB008EE6E4 /* Movie.swift in Sources */ = {isa = PBXBuildFile; fileRef = 9E9395342CE4DEAB008EE6E4 /* Movie.swift */; };
		9E9395372CE4DEC3008EE6E4 /* MovieListViewModel.swift in Sources */ = {isa = PBXBuildFile; fileRef = 9E9395362CE4DEC3008EE6E4 /* MovieListViewModel.swift */; };
		9E9395392CE4DEDF008EE6E4 /* MovieListViewController.swift in Sources */ = {isa = PBXBuildFile; fileRef = 9E9395382CE4DEDF008EE6E4 /* MovieListViewController.swift */; };
		9E93953B2CE4E092008EE6E4 /* MovieDetailsViewController.swift in Sources */ = {isa = PBXBuildFile; fileRef = 9E93953A2CE4E092008EE6E4 /* MovieDetailsViewController.swift */; };
		9E9395432CE518F1008EE6E4 /* SnapKit in Frameworks */ = {isa = PBXBuildFile; productRef = 9E9395422CE518F1008EE6E4 /* SnapKit */; };
		9E93954A2CE5449F008EE6E4 /* Environment.swift in Sources */ = {isa = PBXBuildFile; fileRef = 9E9395492CE5449F008EE6E4 /* Environment.swift */; };
/* End PBXBuildFile section */

/* Begin PBXFileReference section */
		9E29DD352CE4C2F000E6062D /* Movies.app */ = {isa = PBXFileReference; explicitFileType = wrapper.application; includeInIndex = 0; path = Movies.app; sourceTree = BUILT_PRODUCTS_DIR; };
		9E29DD382CE4C2F000E6062D /* AppDelegate.swift */ = {isa = PBXFileReference; lastKnownFileType = sourcecode.swift; path = AppDelegate.swift; sourceTree = "<group>"; };
		9E29DD3A2CE4C2F000E6062D /* SceneDelegate.swift */ = {isa = PBXFileReference; lastKnownFileType = sourcecode.swift; path = SceneDelegate.swift; sourceTree = "<group>"; };
		9E29DD412CE4C2F100E6062D /* Assets.xcassets */ = {isa = PBXFileReference; lastKnownFileType = folder.assetcatalog; path = Assets.xcassets; sourceTree = "<group>"; };
		9E29DD442CE4C2F100E6062D /* Base */ = {isa = PBXFileReference; lastKnownFileType = file.storyboard; name = Base; path = Base.lproj/LaunchScreen.storyboard; sourceTree = "<group>"; };
		9E29DD462CE4C2F100E6062D /* Info.plist */ = {isa = PBXFileReference; lastKnownFileType = text.plist.xml; path = Info.plist; sourceTree = "<group>"; };
		9E6CBAE42CE4C64000FA58FC /* NetworkManager.swift */ = {isa = PBXFileReference; lastKnownFileType = sourcecode.swift; path = NetworkManager.swift; sourceTree = "<group>"; };
		9E9395342CE4DEAB008EE6E4 /* Movie.swift */ = {isa = PBXFileReference; lastKnownFileType = sourcecode.swift; path = Movie.swift; sourceTree = "<group>"; };
		9E9395362CE4DEC3008EE6E4 /* MovieListViewModel.swift */ = {isa = PBXFileReference; lastKnownFileType = sourcecode.swift; path = MovieListViewModel.swift; sourceTree = "<group>"; };
		9E9395382CE4DEDF008EE6E4 /* MovieListViewController.swift */ = {isa = PBXFileReference; lastKnownFileType = sourcecode.swift; path = MovieListViewController.swift; sourceTree = "<group>"; };
		9E93953A2CE4E092008EE6E4 /* MovieDetailsViewController.swift */ = {isa = PBXFileReference; lastKnownFileType = sourcecode.swift; path = MovieDetailsViewController.swift; sourceTree = "<group>"; };
		9E9395482CE521AF008EE6E4 /* Release.xcconfig */ = {isa = PBXFileReference; lastKnownFileType = text.xcconfig; path = Release.xcconfig; sourceTree = "<group>"; };
		9E9395492CE5449F008EE6E4 /* Environment.swift */ = {isa = PBXFileReference; lastKnownFileType = sourcecode.swift; path = Environment.swift; sourceTree = "<group>"; };
		9E93954F2CE54F1E008EE6E4 /* README.md */ = {isa = PBXFileReference; lastKnownFileType = net.daringfireball.markdown; path = README.md; sourceTree = "<group>"; };
/* End PBXFileReference section */

/* Begin PBXFrameworksBuildPhase section */
		9E29DD322CE4C2F000E6062D /* Frameworks */ = {
			isa = PBXFrameworksBuildPhase;
			buildActionMask = 2147483647;
			files = (
				9E9395432CE518F1008EE6E4 /* SnapKit in Frameworks */,
			);
			runOnlyForDeploymentPostprocessing = 0;
		};
/* End PBXFrameworksBuildPhase section */

/* Begin PBXGroup section */
		9E29DD2C2CE4C2F000E6062D = {
			isa = PBXGroup;
			children = (
				9E93954F2CE54F1E008EE6E4 /* README.md */,
				9E29DD372CE4C2F000E6062D /* Movies */,
				9E29DD362CE4C2F000E6062D /* Products */,
			);
			sourceTree = "<group>";
		};
		9E29DD362CE4C2F000E6062D /* Products */ = {
			isa = PBXGroup;
			children = (
				9E29DD352CE4C2F000E6062D /* Movies.app */,
			);
			name = Products;
			sourceTree = "<group>";
		};
		9E29DD372CE4C2F000E6062D /* Movies */ = {
			isa = PBXGroup;
			children = (
				9E93954B2CE54C3A008EE6E4 /* Models */,
				9E93954D2CE54CD7008EE6E4 /* ViewControllers */,
				9E93954C2CE54CC4008EE6E4 /* ViewModels */,
				9E93954E2CE54CEC008EE6E4 /* Services */,
				9E9395482CE521AF008EE6E4 /* Release.xcconfig */,
				9E29DD382CE4C2F000E6062D /* AppDelegate.swift */,
				9E29DD3A2CE4C2F000E6062D /* SceneDelegate.swift */,
				9E9395492CE5449F008EE6E4 /* Environment.swift */,
				9E29DD412CE4C2F100E6062D /* Assets.xcassets */,
				9E29DD432CE4C2F100E6062D /* LaunchScreen.storyboard */,
				9E29DD462CE4C2F100E6062D /* Info.plist */,
			);
			path = Movies;
			sourceTree = "<group>";
		};
		9E93954B2CE54C3A008EE6E4 /* Models */ = {
			isa = PBXGroup;
			children = (
				9E9395342CE4DEAB008EE6E4 /* Movie.swift */,
			);
			path = Models;
			sourceTree = "<group>";
		};
		9E93954C2CE54CC4008EE6E4 /* ViewModels */ = {
			isa = PBXGroup;
			children = (
				9E9395362CE4DEC3008EE6E4 /* MovieListViewModel.swift */,
			);
			path = ViewModels;
			sourceTree = "<group>";
		};
		9E93954D2CE54CD7008EE6E4 /* ViewControllers */ = {
			isa = PBXGroup;
			children = (
				9E9395382CE4DEDF008EE6E4 /* MovieListViewController.swift */,
				9E93953A2CE4E092008EE6E4 /* MovieDetailsViewController.swift */,
			);
			path = ViewControllers;
			sourceTree = "<group>";
		};
		9E93954E2CE54CEC008EE6E4 /* Services */ = {
			isa = PBXGroup;
			children = (
				9E6CBAE42CE4C64000FA58FC /* NetworkManager.swift */,
			);
			path = Services;
			sourceTree = "<group>";
		};
/* End PBXGroup section */

/* Begin PBXNativeTarget section */
		9E29DD342CE4C2F000E6062D /* Movies */ = {
			isa = PBXNativeTarget;
			buildConfigurationList = 9E29DD492CE4C2F100E6062D /* Build configuration list for PBXNativeTarget "Movies" */;
			buildPhases = (
				9E29DD312CE4C2F000E6062D /* Sources */,
				9E29DD322CE4C2F000E6062D /* Frameworks */,
				9E29DD332CE4C2F000E6062D /* Resources */,
			);
			buildRules = (
			);
			dependencies = (
			);
			name = Movies;
			packageProductDependencies = (
				9E9395422CE518F1008EE6E4 /* SnapKit */,
			);
			productName = Movies;
			productReference = 9E29DD352CE4C2F000E6062D /* Movies.app */;
			productType = "com.apple.product-type.application";
		};
/* End PBXNativeTarget section */

/* Begin PBXProject section */
		9E29DD2D2CE4C2F000E6062D /* Project object */ = {
			isa = PBXProject;
			attributes = {
				BuildIndependentTargetsInParallel = 1;
				LastSwiftUpdateCheck = 1540;
				LastUpgradeCheck = 1540;
				TargetAttributes = {
					9E29DD342CE4C2F000E6062D = {
						CreatedOnToolsVersion = 15.4;
					};
				};
			};
			buildConfigurationList = 9E29DD302CE4C2F000E6062D /* Build configuration list for PBXProject "Movies" */;
			compatibilityVersion = "Xcode 14.0";
			developmentRegion = en;
			hasScannedForEncodings = 0;
			knownRegions = (
				en,
				Base,
			);
			mainGroup = 9E29DD2C2CE4C2F000E6062D;
			packageReferences = (
				9E9395412CE518F1008EE6E4 /* XCRemoteSwiftPackageReference "SnapKit" */,
			);
			productRefGroup = 9E29DD362CE4C2F000E6062D /* Products */;
			projectDirPath = "";
			projectRoot = "";
			targets = (
				9E29DD342CE4C2F000E6062D /* Movies */,
			);
		};
/* End PBXProject section */

/* Begin PBXResourcesBuildPhase section */
		9E29DD332CE4C2F000E6062D /* Resources */ = {
			isa = PBXResourcesBuildPhase;
			buildActionMask = 2147483647;
			files = (
				9E29DD422CE4C2F100E6062D /* Assets.xcassets in Resources */,
				9E29DD452CE4C2F100E6062D /* Base in Resources */,
			);
			runOnlyForDeploymentPostprocessing = 0;
		};
/* End PBXResourcesBuildPhase section */

/* Begin PBXSourcesBuildPhase section */
		9E29DD312CE4C2F000E6062D /* Sources */ = {
			isa = PBXSourcesBuildPhase;
			buildActionMask = 2147483647;
			files = (
				9E6CBAE52CE4C64000FA58FC /* NetworkManager.swift in Sources */,
				9E93954A2CE5449F008EE6E4 /* Environment.swift in Sources */,
				9E29DD392CE4C2F000E6062D /* AppDelegate.swift in Sources */,
				9E9395352CE4DEAB008EE6E4 /* Movie.swift in Sources */,
				9E93953B2CE4E092008EE6E4 /* MovieDetailsViewController.swift in Sources */,
				9E9395392CE4DEDF008EE6E4 /* MovieListViewController.swift in Sources */,
				9E29DD3B2CE4C2F000E6062D /* SceneDelegate.swift in Sources */,
				9E9395372CE4DEC3008EE6E4 /* MovieListViewModel.swift in Sources */,
			);
			runOnlyForDeploymentPostprocessing = 0;
		};
/* End PBXSourcesBuildPhase section */

/* Begin PBXVariantGroup section */
		9E29DD432CE4C2F100E6062D /* LaunchScreen.storyboard */ = {
			isa = PBXVariantGroup;
			children = (
				9E29DD442CE4C2F100E6062D /* Base */,
			);
			name = LaunchScreen.storyboard;
			sourceTree = "<group>";
		};
/* End PBXVariantGroup section */

/* Begin XCBuildConfiguration section */
		9E29DD472CE4C2F100E6062D /* Debug */ = {
			isa = XCBuildConfiguration;
			baseConfigurationReference = 9E9395482CE521AF008EE6E4 /* Release.xcconfig */;
			buildSettings = {
				ALWAYS_SEARCH_USER_PATHS = NO;
				ASSETCATALOG_COMPILER_GENERATE_SWIFT_ASSET_SYMBOL_EXTENSIONS = YES;
				CLANG_ANALYZER_NONNULL = YES;
				CLANG_ANALYZER_NUMBER_OBJECT_CONVERSION = YES_AGGRESSIVE;
				CLANG_CXX_LANGUAGE_STANDARD = "gnu++20";
				CLANG_ENABLE_MODULES = YES;
				CLANG_ENABLE_OBJC_ARC = YES;
				CLANG_ENABLE_OBJC_WEAK = YES;
				CLANG_WARN_BLOCK_CAPTURE_AUTORELEASING = YES;
				CLANG_WARN_BOOL_CONVERSION = YES;
				CLANG_WARN_COMMA = YES;
				CLANG_WARN_CONSTANT_CONVERSION = YES;
				CLANG_WARN_DEPRECATED_OBJC_IMPLEMENTATIONS = YES;
				CLANG_WARN_DIRECT_OBJC_ISA_USAGE = YES_ERROR;
				CLANG_WARN_DOCUMENTATION_COMMENTS = YES;
				CLANG_WARN_EMPTY_BODY = YES;
				CLANG_WARN_ENUM_CONVERSION = YES;
				CLANG_WARN_INFINITE_RECURSION = YES;
				CLANG_WARN_INT_CONVERSION = YES;
				CLANG_WARN_NON_LITERAL_NULL_CONVERSION = YES;
				CLANG_WARN_OBJC_IMPLICIT_RETAIN_SELF = YES;
				CLANG_WARN_OBJC_LITERAL_CONVERSION = YES;
				CLANG_WARN_OBJC_ROOT_CLASS = YES_ERROR;
				CLANG_WARN_QUOTED_INCLUDE_IN_FRAMEWORK_HEADER = YES;
				CLANG_WARN_RANGE_LOOP_ANALYSIS = YES;
				CLANG_WARN_STRICT_PROTOTYPES = YES;
				CLANG_WARN_SUSPICIOUS_MOVE = YES;
				CLANG_WARN_UNGUARDED_AVAILABILITY = YES_AGGRESSIVE;
				CLANG_WARN_UNREACHABLE_CODE = YES;
				CLANG_WARN__DUPLICATE_METHOD_MATCH = YES;
				COPY_PHASE_STRIP = NO;
				DEBUG_INFORMATION_FORMAT = dwarf;
				ENABLE_STRICT_OBJC_MSGSEND = YES;
				ENABLE_TESTABILITY = YES;
				ENABLE_USER_SCRIPT_SANDBOXING = YES;
				GCC_C_LANGUAGE_STANDARD = gnu17;
				GCC_DYNAMIC_NO_PIC = NO;
				GCC_NO_COMMON_BLOCKS = YES;
				GCC_OPTIMIZATION_LEVEL = 0;
				GCC_PREPROCESSOR_DEFINITIONS = (
					"DEBUG=1",
					"$(inherited)",
				);
				GCC_WARN_64_TO_32_BIT_CONVERSION = YES;
				GCC_WARN_ABOUT_RETURN_TYPE = YES_ERROR;
				GCC_WARN_UNDECLARED_SELECTOR = YES;
				GCC_WARN_UNINITIALIZED_AUTOS = YES_AGGRESSIVE;
				GCC_WARN_UNUSED_FUNCTION = YES;
				GCC_WARN_UNUSED_VARIABLE = YES;
				IPHONEOS_DEPLOYMENT_TARGET = 17.5;
				LOCALIZATION_PREFERS_STRING_CATALOGS = YES;
				MTL_ENABLE_DEBUG_INFO = INCLUDE_SOURCE;
				MTL_FAST_MATH = YES;
				ONLY_ACTIVE_ARCH = YES;
				SDKROOT = iphoneos;
				SWIFT_ACTIVE_COMPILATION_CONDITIONS = "DEBUG $(inherited)";
				SWIFT_OPTIMIZATION_LEVEL = "-Onone";
			};
			name = Debug;
		};
		9E29DD482CE4C2F100E6062D /* Release */ = {
			isa = XCBuildConfiguration;
			baseConfigurationReference = 9E9395482CE521AF008EE6E4 /* Release.xcconfig */;
			buildSettings = {
				ALWAYS_SEARCH_USER_PATHS = NO;
				ASSETCATALOG_COMPILER_GENERATE_SWIFT_ASSET_SYMBOL_EXTENSIONS = YES;
				CLANG_ANALYZER_NONNULL = YES;
				CLANG_ANALYZER_NUMBER_OBJECT_CONVERSION = YES_AGGRESSIVE;
				CLANG_CXX_LANGUAGE_STANDARD = "gnu++20";
				CLANG_ENABLE_MODULES = YES;
				CLANG_ENABLE_OBJC_ARC = YES;
				CLANG_ENABLE_OBJC_WEAK = YES;
				CLANG_WARN_BLOCK_CAPTURE_AUTORELEASING = YES;
				CLANG_WARN_BOOL_CONVERSION = YES;
				CLANG_WARN_COMMA = YES;
				CLANG_WARN_CONSTANT_CONVERSION = YES;
				CLANG_WARN_DEPRECATED_OBJC_IMPLEMENTATIONS = YES;
				CLANG_WARN_DIRECT_OBJC_ISA_USAGE = YES_ERROR;
				CLANG_WARN_DOCUMENTATION_COMMENTS = YES;
				CLANG_WARN_EMPTY_BODY = YES;
				CLANG_WARN_ENUM_CONVERSION = YES;
				CLANG_WARN_INFINITE_RECURSION = YES;
				CLANG_WARN_INT_CONVERSION = YES;
				CLANG_WARN_NON_LITERAL_NULL_CONVERSION = YES;
				CLANG_WARN_OBJC_IMPLICIT_RETAIN_SELF = YES;
				CLANG_WARN_OBJC_LITERAL_CONVERSION = YES;
				CLANG_WARN_OBJC_ROOT_CLASS = YES_ERROR;
				CLANG_WARN_QUOTED_INCLUDE_IN_FRAMEWORK_HEADER = YES;
				CLANG_WARN_RANGE_LOOP_ANALYSIS = YES;
				CLANG_WARN_STRICT_PROTOTYPES = YES;
				CLANG_WARN_SUSPICIOUS_MOVE = YES;
				CLANG_WARN_UNGUARDED_AVAILABILITY = YES_AGGRESSIVE;
				CLANG_WARN_UNREACHABLE_CODE = YES;
				CLANG_WARN__DUPLICATE_METHOD_MATCH = YES;
				COPY_PHASE_STRIP = NO;
				DEBUG_INFORMATION_FORMAT = "dwarf-with-dsym";
				ENABLE_NS_ASSERTIONS = NO;
				ENABLE_STRICT_OBJC_MSGSEND = YES;
				ENABLE_USER_SCRIPT_SANDBOXING = YES;
				GCC_C_LANGUAGE_STANDARD = gnu17;
				GCC_NO_COMMON_BLOCKS = YES;
				GCC_WARN_64_TO_32_BIT_CONVERSION = YES;
				GCC_WARN_ABOUT_RETURN_TYPE = YES_ERROR;
				GCC_WARN_UNDECLARED_SELECTOR = YES;
				GCC_WARN_UNINITIALIZED_AUTOS = YES_AGGRESSIVE;
				GCC_WARN_UNUSED_FUNCTION = YES;
				GCC_WARN_UNUSED_VARIABLE = YES;
				IPHONEOS_DEPLOYMENT_TARGET = 17.5;
				LOCALIZATION_PREFERS_STRING_CATALOGS = YES;
				MTL_ENABLE_DEBUG_INFO = NO;
				MTL_FAST_MATH = YES;
				SDKROOT = iphoneos;
				SWIFT_COMPILATION_MODE = wholemodule;
				VALIDATE_PRODUCT = YES;
			};
			name = Release;
		};
		9E29DD4A2CE4C2F100E6062D /* Debug */ = {
			isa = XCBuildConfiguration;
			buildSettings = {
				ASSETCATALOG_COMPILER_APPICON_NAME = AppIcon;
				ASSETCATALOG_COMPILER_GLOBAL_ACCENT_COLOR_NAME = AccentColor;
				CODE_SIGN_STYLE = Automatic;
				CURRENT_PROJECT_VERSION = 1;
				DEVELOPMENT_TEAM = GYNW8VLS67;
				GENERATE_INFOPLIST_FILE = YES;
				INFOPLIST_FILE = Movies/Info.plist;
				INFOPLIST_KEY_UIApplicationSupportsIndirectInputEvents = YES;
				INFOPLIST_KEY_UILaunchStoryboardName = LaunchScreen;
				INFOPLIST_KEY_UIStatusBarStyle = "";
				INFOPLIST_KEY_UISupportedInterfaceOrientations = UIInterfaceOrientationPortrait;
				INFOPLIST_KEY_UISupportedInterfaceOrientations_iPad = "UIInterfaceOrientationLandscapeLeft UIInterfaceOrientationLandscapeRight UIInterfaceOrientationPortrait UIInterfaceOrientationPortraitUpsideDown";
				IPHONEOS_DEPLOYMENT_TARGET = 15.0;
				LD_RUNPATH_SEARCH_PATHS = (
					"$(inherited)",
					"@executable_path/Frameworks",
				);
				MARKETING_VERSION = 1.0;
				PRODUCT_BUNDLE_IDENTIFIER = com.ramina.movies.Movies;
				PRODUCT_NAME = "$(TARGET_NAME)";
				SUPPORTED_PLATFORMS = "iphoneos iphonesimulator";
				SUPPORTS_MACCATALYST = NO;
				SUPPORTS_MAC_DESIGNED_FOR_IPHONE_IPAD = NO;
				SUPPORTS_XR_DESIGNED_FOR_IPHONE_IPAD = NO;
				SWIFT_EMIT_LOC_STRINGS = YES;
				SWIFT_VERSION = 5.0;
				TARGETED_DEVICE_FAMILY = 1;
			};
			name = Debug;
		};
		9E29DD4B2CE4C2F100E6062D /* Release */ = {
			isa = XCBuildConfiguration;
			buildSettings = {
				ASSETCATALOG_COMPILER_APPICON_NAME = AppIcon;
				ASSETCATALOG_COMPILER_GLOBAL_ACCENT_COLOR_NAME = AccentColor;
				CODE_SIGN_STYLE = Automatic;
				CURRENT_PROJECT_VERSION = 1;
				DEVELOPMENT_TEAM = GYNW8VLS67;
				GENERATE_INFOPLIST_FILE = YES;
				INFOPLIST_FILE = Movies/Info.plist;
				INFOPLIST_KEY_UIApplicationSupportsIndirectInputEvents = YES;
				INFOPLIST_KEY_UILaunchStoryboardName = LaunchScreen;
				INFOPLIST_KEY_UIStatusBarStyle = "";
				INFOPLIST_KEY_UISupportedInterfaceOrientations = UIInterfaceOrientationPortrait;
				INFOPLIST_KEY_UISupportedInterfaceOrientations_iPad = "UIInterfaceOrientationLandscapeLeft UIInterfaceOrientationLandscapeRight UIInterfaceOrientationPortrait UIInterfaceOrientationPortraitUpsideDown";
				IPHONEOS_DEPLOYMENT_TARGET = 15.0;
				LD_RUNPATH_SEARCH_PATHS = (
					"$(inherited)",
					"@executable_path/Frameworks",
				);
				MARKETING_VERSION = 1.0;
				PRODUCT_BUNDLE_IDENTIFIER = com.ramina.movies.Movies;
				PRODUCT_NAME = "$(TARGET_NAME)";
				SUPPORTED_PLATFORMS = "iphoneos iphonesimulator";
				SUPPORTS_MACCATALYST = NO;
				SUPPORTS_MAC_DESIGNED_FOR_IPHONE_IPAD = NO;
				SUPPORTS_XR_DESIGNED_FOR_IPHONE_IPAD = NO;
				SWIFT_EMIT_LOC_STRINGS = YES;
				SWIFT_VERSION = 5.0;
				TARGETED_DEVICE_FAMILY = 1;
			};
			name = Release;
		};
/* End XCBuildConfiguration section */

/* Begin XCConfigurationList section */
		9E29DD302CE4C2F000E6062D /* Build configuration list for PBXProject "Movies" */ = {
			isa = XCConfigurationList;
			buildConfigurations = (
				9E29DD472CE4C2F100E6062D /* Debug */,
				9E29DD482CE4C2F100E6062D /* Release */,
			);
			defaultConfigurationIsVisible = 0;
			defaultConfigurationName = Release;
		};
		9E29DD492CE4C2F100E6062D /* Build configuration list for PBXNativeTarget "Movies" */ = {
			isa = XCConfigurationList;
			buildConfigurations = (
				9E29DD4A2CE4C2F100E6062D /* Debug */,
				9E29DD4B2CE4C2F100E6062D /* Release */,
			);
			defaultConfigurationIsVisible = 0;
			defaultConfigurationName = Release;
		};
/* End XCConfigurationList section */

/* Begin XCRemoteSwiftPackageReference section */
		9E9395412CE518F1008EE6E4 /* XCRemoteSwiftPackageReference "SnapKit" */ = {
			isa = XCRemoteSwiftPackageReference;
			repositoryURL = "https://github.com/SnapKit/SnapKit.git";
			requirement = {
				kind = upToNextMajorVersion;
				minimumVersion = 5.7.1;
			};
		};
/* End XCRemoteSwiftPackageReference section */

/* Begin XCSwiftPackageProductDependency section */
		9E9395422CE518F1008EE6E4 /* SnapKit */ = {
			isa = XCSwiftPackageProductDependency;
			package = 9E9395412CE518F1008EE6E4 /* XCRemoteSwiftPackageReference "SnapKit" */;
			productName = SnapKit;
		};
/* End XCSwiftPackageProductDependency section */
	};
	rootObject = 9E29DD2D2CE4C2F000E6062D /* Project object */;
}
